
Microsoft Visual Studio Solution File, Format Version 12.00
# Visual Studio 15
VisualStudioVersion = 15.0.28307.136
MinimumVisualStudioVersion = 10.0.40219.1
Project("{2150E333-8FDC-42A3-9474-1A3956D46DE8}") = "Infrastructure", "Infrastructure", "{00F566AA-4E6F-407C-BB2C-79F527FFFA44}"
EndProject
Project("{2150E333-8FDC-42A3-9474-1A3956D46DE8}") = "Core", "Core", "{70757CA6-86C9-4B54-B16A-A3A70685D4A4}"
EndProject
Project("{2150E333-8FDC-42A3-9474-1A3956D46DE8}") = "UI", "UI", "{70F15DF1-50B1-4382-9A5E-07745C662E74}"
EndProject
Project("{FAE04EC0-301F-11D3-BF4B-00C04F79EFBC}") = "MasGlobal.Core", "Core\MasGlobal.Core\MasGlobal.Core.csproj", "{7055316D-8356-441D-BEFD-111E54CA3900}"
EndProject
Project("{FAE04EC0-301F-11D3-BF4B-00C04F79EFBC}") = "MasGlobal.Infrastructure", "Infrastructure\MasGlobal.Infrastructure\MasGlobal.Infrastructure.csproj", "{AE9FC97E-84F3-4834-B93B-DE51C0CA1201}"
EndProject
Project("{FAE04EC0-301F-11D3-BF4B-00C04F79EFBC}") = "MasGlobal.Web", "UI\MasGlobal.Web\MasGlobal.Web.csproj", "{667F7722-11FC-482B-99EB-95549F9FE206}"
EndProject
Global
	GlobalSection(SolutionConfigurationPlatforms) = preSolution
		Debug|Any CPU = Debug|Any CPU
		Release|Any CPU = Release|Any CPU
	EndGlobalSection
	GlobalSection(ProjectConfigurationPlatforms) = postSolution
		{7055316D-8356-441D-BEFD-111E54CA3900}.Debug|Any CPU.ActiveCfg = Debug|Any CPU
		{7055316D-8356-441D-BEFD-111E54CA3900}.Debug|Any CPU.Build.0 = Debug|Any CPU
		{7055316D-8356-441D-BEFD-111E54CA3900}.Release|Any CPU.ActiveCfg = Release|Any CPU
		{7055316D-8356-441D-BEFD-111E54CA3900}.Release|Any CPU.Build.0 = Release|Any CPU
		{AE9FC97E-84F3-4834-B93B-DE51C0CA1201}.Debug|Any CPU.ActiveCfg = Debug|Any CPU
		{AE9FC97E-84F3-4834-B93B-DE51C0CA1201}.Debug|Any CPU.Build.0 = Debug|Any CPU
		{AE9FC97E-84F3-4834-B93B-DE51C0CA1201}.Release|Any CPU.ActiveCfg = Release|Any CPU
		{AE9FC97E-84F3-4834-B93B-DE51C0CA1201}.Release|Any CPU.Build.0 = Release|Any CPU
		{667F7722-11FC-482B-99EB-95549F9FE206}.Debug|Any CPU.ActiveCfg = Debug|Any CPU
		{667F7722-11FC-482B-99EB-95549F9FE206}.Debug|Any CPU.Build.0 = Debug|Any CPU
		{667F7722-11FC-482B-99EB-95549F9FE206}.Release|Any CPU.ActiveCfg = Release|Any CPU
		{667F7722-11FC-482B-99EB-95549F9FE206}.Release|Any CPU.Build.0 = Release|Any CPU
	EndGlobalSection
	GlobalSection(SolutionProperties) = preSolution
		HideSolutionNode = FALSE
	EndGlobalSection
	GlobalSection(NestedProjects) = preSolution
		{7055316D-8356-441D-BEFD-111E54CA3900} = {70757CA6-86C9-4B54-B16A-A3A70685D4A4}
		{AE9FC97E-84F3-4834-B93B-DE51C0CA1201} = {00F566AA-4E6F-407C-BB2C-79F527FFFA44}
		{667F7722-11FC-482B-99EB-95549F9FE206} = {70F15DF1-50B1-4382-9A5E-07745C662E74}
	EndGlobalSection
	GlobalSection(ExtensibilityGlobals) = postSolution
		SolutionGuid = {9B86504D-DCFC-46AC-90F7-408E56B03DD8}
	EndGlobalSection
EndGlobal
